lockfileVersion: '9.0'

settings:
  autoInstallPeers: true
  excludeLinksFromLockfile: false

importers:

  .:
    dependencies:
      '@google/generative-ai':
        specifier: ^0.21.0
        version: 0.21.0
      dotenv:
        specifier: ^16.4.7
        version: 16.4.7
      readline-sync:
        specifier: ^1.4.10
        version: 1.4.10

packages:

  '@google/generative-ai@0.21.0':
    resolution: {integrity: sha512-7XhUbtnlkSEZK15kN3t+tzIMxsbKm/dSkKBFalj+20NvPKe1kBY7mR2P7vuijEn+f06z5+A8bVGKO0v39cr6Wg==}
    engines: {node: '>=18.0.0'}

  dotenv@16.4.7:
    resolution: {integrity: sha512-47qPchRCykZC03FhkYAhrvwU4xDBFIj1QPqaarj6mdM/hgUzfPHcpkHJOn3mJAufFeeAxAzeGsr5X0M4k6fLZQ==}
    engines: {node: '>=12'}

  readline-sync@1.4.10:
    resolution: {integrity: sha512-gNva8/6UAe8QYepIQH/jQ2qn91Qj0B9sYjMBBs3QOB8F2CXcKgLxQaJRP76sWVRQt+QU+8fAkCbCvjjMFu7Ycw==}
    engines: {node: '>= 0.8.0'}

snapshots:

  '@google/generative-ai@0.21.0': {}

  dotenv@16.4.7: {}

  readline-sync@1.4.10: {}
